
Microsoft Visual Studio Solution File, Format Version 12.00
# Visual Studio Version 16
VisualStudioVersion = 16.0.30503.244
MinimumVisualStudioVersion = 10.0.40219.1
Project("{FAE04EC0-301F-11D3-BF4B-00C04F79EFBC}") = "UserRegistration- LambdaExpressions", "UserRegistration- LambdaExpressions\UserRegistration- LambdaExpressions.csproj", "{CCBBD6DE-098C-4327-AEAB-1F4E42653CCA}"
EndProject
Project("{FAE04EC0-301F-11D3-BF4B-00C04F79EFBC}") = "UserRegistrationMSTest", "UserRegistrationMSTest\UserRegistrationMSTest.csproj", "{6DCC78FC-72CD-4FD0-89D9-EE3DDA6344E6}"
EndProject
Global
	GlobalSection(SolutionConfigurationPlatforms) = preSolution
		Debug|Any CPU = Debug|Any CPU
		Release|Any CPU = Release|Any CPU
	EndGlobalSection
	GlobalSection(ProjectConfigurationPlatforms) = postSolution
		{CCBBD6DE-098C-4327-AEAB-1F4E42653CCA}.Debug|Any CPU.ActiveCfg = Debug|Any CPU
		{CCBBD6DE-098C-4327-AEAB-1F4E42653CCA}.Debug|Any CPU.Build.0 = Debug|Any CPU
		{CCBBD6DE-098C-4327-AEAB-1F4E42653CCA}.Release|Any CPU.ActiveCfg = Release|Any CPU
		{CCBBD6DE-098C-4327-AEAB-1F4E42653CCA}.Release|Any CPU.Build.0 = Release|Any CPU
		{6DCC78FC-72CD-4FD0-89D9-EE3DDA6344E6}.Debug|Any CPU.ActiveCfg = Debug|Any CPU
		{6DCC78FC-72CD-4FD0-89D9-EE3DDA6344E6}.Debug|Any CPU.Build.0 = Debug|Any CPU
		{6DCC78FC-72CD-4FD0-89D9-EE3DDA6344E6}.Release|Any CPU.ActiveCfg = Release|Any CPU
		{6DCC78FC-72CD-4FD0-89D9-EE3DDA6344E6}.Release|Any CPU.Build.0 = Release|Any CPU
	EndGlobalSection
	GlobalSection(SolutionProperties) = preSolution
		HideSolutionNode = FALSE
	EndGlobalSection
	GlobalSection(ExtensibilityGlobals) = postSolution
		SolutionGuid = {DA5A49AC-2D54-47AB-8359-79AC61A785D1}
	EndGlobalSection
EndGlobal
